
Microsoft Visual Studio Solution File, Format Version 12.00
# Visual Studio Version 17
VisualStudioVersion = 17.11.35327.3
MinimumVisualStudioVersion = 10.0.40219.1
Project("{FAE04EC0-301F-11D3-BF4B-00C04F79EFBC}") = "LojaGames", "LojaGames\LojaGames.csproj", "{B9CA07C0-52DE-4EB9-867E-2A94883DD9CA}"
EndProject
Global
	GlobalSection(SolutionConfigurationPlatforms) = preSolution
		Debug|Any CPU = Debug|Any CPU
		Release|Any CPU = Release|Any CPU
	EndGlobalSection
	GlobalSection(ProjectConfigurationPlatforms) = postSolution
		{B9CA07C0-52DE-4EB9-867E-2A94883DD9CA}.Debug|Any CPU.ActiveCfg = Debug|Any CPU
		{B9CA07C0-52DE-4EB9-867E-2A94883DD9CA}.Debug|Any CPU.Build.0 = Debug|Any CPU
		{B9CA07C0-52DE-4EB9-867E-2A94883DD9CA}.Release|Any CPU.ActiveCfg = Release|Any CPU
		{B9CA07C0-52DE-4EB9-867E-2A94883DD9CA}.Release|Any CPU.Build.0 = Release|Any CPU
	EndGlobalSection
	GlobalSection(SolutionProperties) = preSolution
		HideSolutionNode = FALSE
	EndGlobalSection
	GlobalSection(ExtensibilityGlobals) = postSolution
		SolutionGuid = {B4BDA7A1-AE68-48B2-8333-97ABAE8A94F4}
	EndGlobalSection
EndGlobal
